
Microsoft Visual Studio Solution File, Format Version 12.00
# Visual Studio 15
Project("{FAE04EC0-301F-11D3-BF4B-00C04F79EFBC}") = "Unity.ML-Agents", "Unity.ML-Agents.csproj", "{98969BEB-8E2E-6C7B-89AF-333A3D9774AA}"
EndProject
Project("{FAE04EC0-301F-11D3-BF4B-00C04F79EFBC}") = "Unity.ML-Agents.CommunicatorObjects", "Unity.ML-Agents.CommunicatorObjects.csproj", "{E162A3CE-683B-1281-C631-188E6ACCFCE5}"
EndProject
Project("{FAE04EC0-301F-11D3-BF4B-00C04F79EFBC}") = "Assembly-CSharp", "Assembly-CSharp.csproj", "{471E704F-030B-88C3-4B5F-2724200D4FB7}"
EndProject
Project("{FAE04EC0-301F-11D3-BF4B-00C04F79EFBC}") = "Unity.ML-Agents.Editor", "Unity.ML-Agents.Editor.csproj", "{DD488999-D793-5B88-8365-785EC236BBD2}"
EndProject
Global
	GlobalSection(SolutionConfigurationPlatforms) = preSolution
		Debug|Any CPU = Debug|Any CPU
		Release|Any CPU = Release|Any CPU
	EndGlobalSection
	GlobalSection(ProjectConfigurationPlatforms) = postSolution
		{98969BEB-8E2E-6C7B-89AF-333A3D9774AA}.Debug|Any CPU.ActiveCfg = Debug|Any CPU
		{98969BEB-8E2E-6C7B-89AF-333A3D9774AA}.Debug|Any CPU.Build.0 = Debug|Any CPU
		{98969BEB-8E2E-6C7B-89AF-333A3D9774AA}.Release|Any CPU.ActiveCfg = Release|Any CPU
		{98969BEB-8E2E-6C7B-89AF-333A3D9774AA}.Release|Any CPU.Build.0 = Release|Any CPU
		{E162A3CE-683B-1281-C631-188E6ACCFCE5}.Debug|Any CPU.ActiveCfg = Debug|Any CPU
		{E162A3CE-683B-1281-C631-188E6ACCFCE5}.Debug|Any CPU.Build.0 = Debug|Any CPU
		{E162A3CE-683B-1281-C631-188E6ACCFCE5}.Release|Any CPU.ActiveCfg = Release|Any CPU
		{E162A3CE-683B-1281-C631-188E6ACCFCE5}.Release|Any CPU.Build.0 = Release|Any CPU
		{471E704F-030B-88C3-4B5F-2724200D4FB7}.Debug|Any CPU.ActiveCfg = Debug|Any CPU
		{471E704F-030B-88C3-4B5F-2724200D4FB7}.Debug|Any CPU.Build.0 = Debug|Any CPU
		{471E704F-030B-88C3-4B5F-2724200D4FB7}.Release|Any CPU.ActiveCfg = Release|Any CPU
		{471E704F-030B-88C3-4B5F-2724200D4FB7}.Release|Any CPU.Build.0 = Release|Any CPU
		{DD488999-D793-5B88-8365-785EC236BBD2}.Debug|Any CPU.ActiveCfg = Debug|Any CPU
		{DD488999-D793-5B88-8365-785EC236BBD2}.Debug|Any CPU.Build.0 = Debug|Any CPU
		{DD488999-D793-5B88-8365-785EC236BBD2}.Release|Any CPU.ActiveCfg = Release|Any CPU
		{DD488999-D793-5B88-8365-785EC236BBD2}.Release|Any CPU.Build.0 = Release|Any CPU
	EndGlobalSection
	GlobalSection(SolutionProperties) = preSolution
		HideSolutionNode = FALSE
	EndGlobalSection
EndGlobal
